
Microsoft Visual Studio Solution File, Format Version 12.00
# Visual Studio Version 17
VisualStudioVersion = 17.13.35919.96
MinimumVisualStudioVersion = 10.0.40219.1
Project("{FAE04EC0-301F-11D3-BF4B-00C04F79EFBC}") = "TransactionService", "0.Core\TransactionService\TransactionService.csproj", "{F90E5FDF-20B6-40DC-9A45-2D5CBBA3C8A5}"
EndProject
Project("{2150E333-8FDC-42A3-9474-1A3956D46DE8}") = "0.Core", "0.Core", "{02EA681E-C7D8-13C7-8484-4AC65E1B71E8}"
EndProject
Project("{FAE04EC0-301F-11D3-BF4B-00C04F79EFBC}") = "ConsolidationService", "0.Core\ConsolidationService\ConsolidationService.csproj", "{C58F7733-3FAA-496E-8238-7A74A836ED42}"
EndProject
Project("{2150E333-8FDC-42A3-9474-1A3956D46DE8}") = "1.Infrastructure", "1.Infrastructure", "{57C97F66-312E-4E27-B782-79B9BA62C5A7}"
EndProject
Project("{2150E333-8FDC-42A3-9474-1A3956D46DE8}") = "2.Crosscutting", "2.Crosscutting", "{14888E65-7229-4482-AB94-14B0EF169056}"
EndProject
Project("{2150E333-8FDC-42A3-9474-1A3956D46DE8}") = "3.Tests", "3.Tests", "{618D08A1-D084-406C-9FAF-A2B0771A5F19}"
EndProject
Project("{FAE04EC0-301F-11D3-BF4B-00C04F79EFBC}") = "TransactionServiceTest", "3.Tests\TransactionServiceTest\TransactionServiceTest.csproj", "{09E27FDC-D5EE-40BD-BEF5-F5D70879C5B8}"
EndProject
Project("{FAE04EC0-301F-11D3-BF4B-00C04F79EFBC}") = "ConsolidationServiceTest", "3.Tests\ConsolidationServiceTest\ConsolidationServiceTest.csproj", "{5291FD33-8731-4EEE-88A0-A5015801A8FA}"
EndProject
Project("{FAE04EC0-301F-11D3-BF4B-00C04F79EFBC}") = "ORM", "1.Infrastructure\ORM\ORM.csproj", "{06D2481C-7823-4F7A-B1D4-5551873C9BE0}"
EndProject
Project("{FAE04EC0-301F-11D3-BF4B-00C04F79EFBC}") = "Cache", "1.Infrastructure\Cache\Cache.csproj", "{BB757581-1474-489F-9EAD-591053C460CD}"
EndProject
Project("{FAE04EC0-301F-11D3-BF4B-00C04F79EFBC}") = "ApiGateway", "2.Crosscutting\ApiGateway\ApiGateway.csproj", "{B2FB097A-18AB-4AA0-A1F5-E5F489803CEA}"
EndProject
Project("{FAE04EC0-301F-11D3-BF4B-00C04F79EFBC}") = "SharedKernel", "2.Crosscutting\SharedKernel\SharedKernel.csproj", "{3FFB6D4E-BA22-4D3C-A604-0C56CF39A04C}"
EndProject
Project("{E53339B2-1760-4266-BCC7-CA923CBCF16C}") = "docker-compose", "docker-compose.dcproj", "{81DDED9D-158B-E303-5F62-77A2896D2A5A}"
EndProject
Project("{FAE04EC0-301F-11D3-BF4B-00C04F79EFBC}") = "IoC", "2.Crosscutting\IoC\IoC.csproj", "{3EF42474-5C28-40F7-A207-AF3EA4E62769}"
EndProject
Global
	GlobalSection(SolutionConfigurationPlatforms) = preSolution
		Debug|Any CPU = Debug|Any CPU
		Release|Any CPU = Release|Any CPU
	EndGlobalSection
	GlobalSection(ProjectConfigurationPlatforms) = postSolution
		{F90E5FDF-20B6-40DC-9A45-2D5CBBA3C8A5}.Debug|Any CPU.ActiveCfg = Debug|Any CPU
		{F90E5FDF-20B6-40DC-9A45-2D5CBBA3C8A5}.Debug|Any CPU.Build.0 = Debug|Any CPU
		{F90E5FDF-20B6-40DC-9A45-2D5CBBA3C8A5}.Release|Any CPU.ActiveCfg = Release|Any CPU
		{F90E5FDF-20B6-40DC-9A45-2D5CBBA3C8A5}.Release|Any CPU.Build.0 = Release|Any CPU
		{C58F7733-3FAA-496E-8238-7A74A836ED42}.Debug|Any CPU.ActiveCfg = Debug|Any CPU
		{C58F7733-3FAA-496E-8238-7A74A836ED42}.Debug|Any CPU.Build.0 = Debug|Any CPU
		{C58F7733-3FAA-496E-8238-7A74A836ED42}.Release|Any CPU.ActiveCfg = Release|Any CPU
		{C58F7733-3FAA-496E-8238-7A74A836ED42}.Release|Any CPU.Build.0 = Release|Any CPU
		{09E27FDC-D5EE-40BD-BEF5-F5D70879C5B8}.Debug|Any CPU.ActiveCfg = Debug|Any CPU
		{09E27FDC-D5EE-40BD-BEF5-F5D70879C5B8}.Debug|Any CPU.Build.0 = Debug|Any CPU
		{09E27FDC-D5EE-40BD-BEF5-F5D70879C5B8}.Release|Any CPU.ActiveCfg = Release|Any CPU
		{09E27FDC-D5EE-40BD-BEF5-F5D70879C5B8}.Release|Any CPU.Build.0 = Release|Any CPU
		{5291FD33-8731-4EEE-88A0-A5015801A8FA}.Debug|Any CPU.ActiveCfg = Debug|Any CPU
		{5291FD33-8731-4EEE-88A0-A5015801A8FA}.Debug|Any CPU.Build.0 = Debug|Any CPU
		{5291FD33-8731-4EEE-88A0-A5015801A8FA}.Release|Any CPU.ActiveCfg = Release|Any CPU
		{5291FD33-8731-4EEE-88A0-A5015801A8FA}.Release|Any CPU.Build.0 = Release|Any CPU
		{06D2481C-7823-4F7A-B1D4-5551873C9BE0}.Debug|Any CPU.ActiveCfg = Debug|Any CPU
		{06D2481C-7823-4F7A-B1D4-5551873C9BE0}.Debug|Any CPU.Build.0 = Debug|Any CPU
		{06D2481C-7823-4F7A-B1D4-5551873C9BE0}.Release|Any CPU.ActiveCfg = Release|Any CPU
		{06D2481C-7823-4F7A-B1D4-5551873C9BE0}.Release|Any CPU.Build.0 = Release|Any CPU
		{BB757581-1474-489F-9EAD-591053C460CD}.Debug|Any CPU.ActiveCfg = Debug|Any CPU
		{BB757581-1474-489F-9EAD-591053C460CD}.Debug|Any CPU.Build.0 = Debug|Any CPU
		{BB757581-1474-489F-9EAD-591053C460CD}.Release|Any CPU.ActiveCfg = Release|Any CPU
		{BB757581-1474-489F-9EAD-591053C460CD}.Release|Any CPU.Build.0 = Release|Any CPU
		{B2FB097A-18AB-4AA0-A1F5-E5F489803CEA}.Debug|Any CPU.ActiveCfg = Debug|Any CPU
		{B2FB097A-18AB-4AA0-A1F5-E5F489803CEA}.Debug|Any CPU.Build.0 = Debug|Any CPU
		{B2FB097A-18AB-4AA0-A1F5-E5F489803CEA}.Release|Any CPU.ActiveCfg = Release|Any CPU
		{B2FB097A-18AB-4AA0-A1F5-E5F489803CEA}.Release|Any CPU.Build.0 = Release|Any CPU
		{3FFB6D4E-BA22-4D3C-A604-0C56CF39A04C}.Debug|Any CPU.ActiveCfg = Debug|Any CPU
		{3FFB6D4E-BA22-4D3C-A604-0C56CF39A04C}.Debug|Any CPU.Build.0 = Debug|Any CPU
		{3FFB6D4E-BA22-4D3C-A604-0C56CF39A04C}.Release|Any CPU.ActiveCfg = Release|Any CPU
		{3FFB6D4E-BA22-4D3C-A604-0C56CF39A04C}.Release|Any CPU.Build.0 = Release|Any CPU
		{81DDED9D-158B-E303-5F62-77A2896D2A5A}.Debug|Any CPU.ActiveCfg = Debug|Any CPU
		{81DDED9D-158B-E303-5F62-77A2896D2A5A}.Debug|Any CPU.Build.0 = Debug|Any CPU
		{81DDED9D-158B-E303-5F62-77A2896D2A5A}.Release|Any CPU.ActiveCfg = Release|Any CPU
		{81DDED9D-158B-E303-5F62-77A2896D2A5A}.Release|Any CPU.Build.0 = Release|Any CPU
		{3EF42474-5C28-40F7-A207-AF3EA4E62769}.Debug|Any CPU.ActiveCfg = Debug|Any CPU
		{3EF42474-5C28-40F7-A207-AF3EA4E62769}.Debug|Any CPU.Build.0 = Debug|Any CPU
		{3EF42474-5C28-40F7-A207-AF3EA4E62769}.Release|Any CPU.ActiveCfg = Release|Any CPU
		{3EF42474-5C28-40F7-A207-AF3EA4E62769}.Release|Any CPU.Build.0 = Release|Any CPU
	EndGlobalSection
	GlobalSection(SolutionProperties) = preSolution
		HideSolutionNode = FALSE
	EndGlobalSection
	GlobalSection(NestedProjects) = preSolution
		{F90E5FDF-20B6-40DC-9A45-2D5CBBA3C8A5} = {02EA681E-C7D8-13C7-8484-4AC65E1B71E8}
		{C58F7733-3FAA-496E-8238-7A74A836ED42} = {02EA681E-C7D8-13C7-8484-4AC65E1B71E8}
		{09E27FDC-D5EE-40BD-BEF5-F5D70879C5B8} = {618D08A1-D084-406C-9FAF-A2B0771A5F19}
		{5291FD33-8731-4EEE-88A0-A5015801A8FA} = {618D08A1-D084-406C-9FAF-A2B0771A5F19}
		{06D2481C-7823-4F7A-B1D4-5551873C9BE0} = {57C97F66-312E-4E27-B782-79B9BA62C5A7}
		{BB757581-1474-489F-9EAD-591053C460CD} = {57C97F66-312E-4E27-B782-79B9BA62C5A7}
		{B2FB097A-18AB-4AA0-A1F5-E5F489803CEA} = {14888E65-7229-4482-AB94-14B0EF169056}
		{3FFB6D4E-BA22-4D3C-A604-0C56CF39A04C} = {14888E65-7229-4482-AB94-14B0EF169056}
		{3EF42474-5C28-40F7-A207-AF3EA4E62769} = {14888E65-7229-4482-AB94-14B0EF169056}
	EndGlobalSection
	GlobalSection(ExtensibilityGlobals) = postSolution
		SolutionGuid = {0A4DA049-AD96-414F-B71D-4190D9076A78}
	EndGlobalSection
EndGlobal
